// !$*UTF8*$!
{
	archiveVersion = 1;
	classes = {
	};
	objectVersion = 46;
	objects = {

/* Begin PBXBuildFile section */
		1F83FFCA1E0C9F5100A35850 /* AppDelegate.swift in Sources */ = {isa = PBXBuildFile; fileRef = 1F83FFC91E0C9F5100A35850 /* AppDelegate.swift */; };
		1F83FFCC1E0C9F5100A35850 /* ViewController.swift in Sources */ = {isa = PBXBuildFile; fileRef = 1F83FFCB1E0C9F5100A35850 /* ViewController.swift */; };
		1F83FFCF1E0C9F5100A35850 /* Main.storyboard in Resources */ = {isa = PBXBuildFile; fileRef = 1F83FFCD1E0C9F5100A35850 /* Main.storyboard */; };
		1F83FFD11E0C9F5100A35850 /* Assets.xcassets in Resources */ = {isa = PBXBuildFile; fileRef = 1F83FFD01E0C9F5100A35850 /* Assets.xcassets */; };
		1F83FFD41E0C9F5100A35850 /* LaunchScreen.storyboard in Resources */ = {isa = PBXBuildFile; fileRef = 1F83FFD21E0C9F5100A35850 /* LaunchScreen.storyboard */; };
		1F83FFDC1E0C9F8D00A35850 /* Podfile in Resources */ = {isa = PBXBuildFile; fileRef = 1F83FFDB1E0C9F8D00A35850 /* Podfile */; };
		1F948721204BB1D200DDBBFA /* MealPlanViewController.swift in Sources */ = {isa = PBXBuildFile; fileRef = 1F948720204BB1D200DDBBFA /* MealPlanViewController.swift */; };
		1F948723204BB9D800DDBBFA /* SwipeableMealView.xib in Resources */ = {isa = PBXBuildFile; fileRef = 1F948722204BB9D800DDBBFA /* SwipeableMealView.xib */; };
		1F948725204BBEF300DDBBFA /* SwipeableMealView.swift in Sources */ = {isa = PBXBuildFile; fileRef = 1F948724204BBEF300DDBBFA /* SwipeableMealView.swift */; };
		1FD5B7771E12091100CF9552 /* FSClient+Comparison.swift in Sources */ = {isa = PBXBuildFile; fileRef = 1FD5B7761E12091100CF9552 /* FSClient+Comparison.swift */; };
		1FD5B77D1E124B4000CF9552 /* FoodComparer.swift in Sources */ = {isa = PBXBuildFile; fileRef = 1FD5B77C1E124B4000CF9552 /* FoodComparer.swift */; };
		1FEBF5A01E19999A00F10B7D /* MealPlanView.swift in Sources */ = {isa = PBXBuildFile; fileRef = 1FEBF59F1E19999A00F10B7D /* MealPlanView.swift */; };
		1FEBF5A21E199C1D00F10B7D /* MealPlanView.xib in Resources */ = {isa = PBXBuildFile; fileRef = 1FEBF5A11E199C1C00F10B7D /* MealPlanView.xib */; };
		6663B8E7D9C4D9B9373C5CF3 /* Pods_Replicator.framework in Frameworks */ = {isa = PBXBuildFile; fileRef = D19519927A128DD0B8F114AA /* Pods_Replicator.framework */; };
/* End PBXBuildFile section */

/* Begin PBXFileReference section */
		1F83FFC61E0C9F5100A35850 /* Replicator.app */ = {isa = PBXFileReference; explicitFileType = wrapper.application; includeInIndex = 0; path = Replicator.app; sourceTree = BUILT_PRODUCTS_DIR; };
		1F83FFC91E0C9F5100A35850 /* AppDelegate.swift */ = {isa = PBXFileReference; lastKnownFileType = sourcecode.swift; path = AppDelegate.swift; sourceTree = "<group>"; };
		1F83FFCB1E0C9F5100A35850 /* ViewController.swift */ = {isa = PBXFileReference; lastKnownFileType = sourcecode.swift; path = ViewController.swift; sourceTree = "<group>"; };
		1F83FFCE1E0C9F5100A35850 /* Base */ = {isa = PBXFileReference; lastKnownFileType = file.storyboard; name = Base; path = Base.lproj/Main.storyboard; sourceTree = "<group>"; };
		1F83FFD01E0C9F5100A35850 /* Assets.xcassets */ = {isa = PBXFileReference; lastKnownFileType = folder.assetcatalog; path = Assets.xcassets; sourceTree = "<group>"; };
		1F83FFD31E0C9F5100A35850 /* Base */ = {isa = PBXFileReference; lastKnownFileType = file.storyboard; name = Base; path = Base.lproj/LaunchScreen.storyboard; sourceTree = "<group>"; };
		1F83FFD51E0C9F5100A35850 /* Info.plist */ = {isa = PBXFileReference; lastKnownFileType = text.plist.xml; path = Info.plist; sourceTree = "<group>"; };
		1F83FFDB1E0C9F8D00A35850 /* Podfile */ = {isa = PBXFileReference; fileEncoding = 4; lastKnownFileType = text; path = Podfile; sourceTree = "<group>"; xcLanguageSpecificationIdentifier = xcode.lang.ruby; };
		1F948720204BB1D200DDBBFA /* MealPlanViewController.swift */ = {isa = PBXFileReference; lastKnownFileType = sourcecode.swift; path = MealPlanViewController.swift; sourceTree = "<group>"; };
		1F948722204BB9D800DDBBFA /* SwipeableMealView.xib */ = {isa = PBXFileReference; lastKnownFileType = file.xib; path = SwipeableMealView.xib; sourceTree = "<group>"; };
		1F948724204BBEF300DDBBFA /* SwipeableMealView.swift */ = {isa = PBXFileReference; lastKnownFileType = sourcecode.swift; path = SwipeableMealView.swift; sourceTree = "<group>"; };
		1FD5B7761E12091100CF9552 /* FSClient+Comparison.swift */ = {isa = PBXFileReference; fileEncoding = 4; lastKnownFileType = sourcecode.swift; path = "FSClient+Comparison.swift"; sourceTree = "<group>"; };
		1FD5B77C1E124B4000CF9552 /* FoodComparer.swift */ = {isa = PBXFileReference; fileEncoding = 4; lastKnownFileType = sourcecode.swift; path = FoodComparer.swift; sourceTree = "<group>"; };
		1FEBF59F1E19999A00F10B7D /* MealPlanView.swift */ = {isa = PBXFileReference; fileEncoding = 4; lastKnownFileType = sourcecode.swift; path = MealPlanView.swift; sourceTree = "<group>"; };
		1FEBF5A11E199C1C00F10B7D /* MealPlanView.xib */ = {isa = PBXFileReference; fileEncoding = 4; lastKnownFileType = file.xib; path = MealPlanView.xib; sourceTree = "<group>"; };
		5538CC893AB5DCC9D2EDFC2B /* Pods-Replicator.release.xcconfig */ = {isa = PBXFileReference; includeInIndex = 1; lastKnownFileType = text.xcconfig; name = "Pods-Replicator.release.xcconfig"; path = "Pods/Target Support Files/Pods-Replicator/Pods-Replicator.release.xcconfig"; sourceTree = "<group>"; };
		BE5C9ADAC8B9700CDFF964D9 /* Pods-Replicator.debug.xcconfig */ = {isa = PBXFileReference; includeInIndex = 1; lastKnownFileType = text.xcconfig; name = "Pods-Replicator.debug.xcconfig"; path = "Pods/Target Support Files/Pods-Replicator/Pods-Replicator.debug.xcconfig"; sourceTree = "<group>"; };
		D19519927A128DD0B8F114AA /* Pods_Replicator.framework */ = {isa = PBXFileReference; explicitFileType = wrapper.framework; includeInIndex = 0; path = Pods_Replicator.framework; sourceTree = BUILT_PRODUCTS_DIR; };
/* End PBXFileReference section */

/* Begin PBXFrameworksBuildPhase section */
		1F83FFC31E0C9F5100A35850 /* Frameworks */ = {
			isa = PBXFrameworksBuildPhase;
			buildActionMask = 2147483647;
			files = (
				6663B8E7D9C4D9B9373C5CF3 /* Pods_Replicator.framework in Frameworks */,
			);
			runOnlyForDeploymentPostprocessing = 0;
		};
/* End PBXFrameworksBuildPhase section */

/* Begin PBXGroup section */
		1F83FFBD1E0C9F5100A35850 = {
			isa = PBXGroup;
			children = (
				1F83FFDB1E0C9F8D00A35850 /* Podfile */,
				1F83FFC81E0C9F5100A35850 /* Replicator */,
				1F83FFC71E0C9F5100A35850 /* Products */,
				F10DF286E4FCE75148A1FE7B /* Pods */,
				A7480BD6B36AAB221AEFA9FF /* Frameworks */,
			);
			sourceTree = "<group>";
		};
		1F83FFC71E0C9F5100A35850 /* Products */ = {
			isa = PBXGroup;
			children = (
				1F83FFC61E0C9F5100A35850 /* Replicator.app */,
			);
			name = Products;
			sourceTree = "<group>";
		};
		1F83FFC81E0C9F5100A35850 /* Replicator */ = {
			isa = PBXGroup;
			children = (
				1F83FFC91E0C9F5100A35850 /* AppDelegate.swift */,
				1FD5B7761E12091100CF9552 /* FSClient+Comparison.swift */,
				1F83FFCB1E0C9F5100A35850 /* ViewController.swift */,
				1F948720204BB1D200DDBBFA /* MealPlanViewController.swift */,
				1F83FFCD1E0C9F5100A35850 /* Main.storyboard */,
				1FEBF59F1E19999A00F10B7D /* MealPlanView.swift */,
				1FEBF5A11E199C1C00F10B7D /* MealPlanView.xib */,
				1F948722204BB9D800DDBBFA /* SwipeableMealView.xib */,
				1F948724204BBEF300DDBBFA /* SwipeableMealView.swift */,
				1FD5B77C1E124B4000CF9552 /* FoodComparer.swift */,
				1F83FFD01E0C9F5100A35850 /* Assets.xcassets */,
				1F83FFD21E0C9F5100A35850 /* LaunchScreen.storyboard */,
				1F83FFD51E0C9F5100A35850 /* Info.plist */,
			);
			path = Replicator;
			sourceTree = "<group>";
		};
		A7480BD6B36AAB221AEFA9FF /* Frameworks */ = {
			isa = PBXGroup;
			children = (
				D19519927A128DD0B8F114AA /* Pods_Replicator.framework */,
			);
			name = Frameworks;
			sourceTree = "<group>";
		};
		F10DF286E4FCE75148A1FE7B /* Pods */ = {
			isa = PBXGroup;
			children = (
				BE5C9ADAC8B9700CDFF964D9 /* Pods-Replicator.debug.xcconfig */,
				5538CC893AB5DCC9D2EDFC2B /* Pods-Replicator.release.xcconfig */,
			);
			name = Pods;
			sourceTree = "<group>";
		};
/* End PBXGroup section */

/* Begin PBXNativeTarget section */
		1F83FFC51E0C9F5100A35850 /* Replicator */ = {
			isa = PBXNativeTarget;
			buildConfigurationList = 1F83FFD81E0C9F5100A35850 /* Build configuration list for PBXNativeTarget "Replicator" */;
			buildPhases = (
				7C8EE533F4A3CB8433C3136C /* [CP] Check Pods Manifest.lock */,
				1F83FFC21E0C9F5100A35850 /* Sources */,
				1F83FFC31E0C9F5100A35850 /* Frameworks */,
				1F83FFC41E0C9F5100A35850 /* Resources */,
				5811C3BA8A0C59091CCBAE67 /* [CP] Embed Pods Frameworks */,
				89C6FE7B31788B2CDCD5649C /* [CP] Copy Pods Resources */,
			);
			buildRules = (
			);
			dependencies = (
			);
			name = Replicator;
			productName = Replicator;
			productReference = 1F83FFC61E0C9F5100A35850 /* Replicator.app */;
			productType = "com.apple.product-type.application";
		};
/* End PBXNativeTarget section */

/* Begin PBXProject section */
		1F83FFBE1E0C9F5100A35850 /* Project object */ = {
			isa = PBXProject;
			attributes = {
				LastSwiftUpdateCheck = 0820;
				LastUpgradeCheck = 0820;
				ORGANIZATIONNAME = "Malcolm Goldiner";
				TargetAttributes = {
					1F83FFC51E0C9F5100A35850 = {
						CreatedOnToolsVersion = 8.2;
						DevelopmentTeam = W36PVYAHBM;
						ProvisioningStyle = Manual;
					};
				};
			};
			buildConfigurationList = 1F83FFC11E0C9F5100A35850 /* Build configuration list for PBXProject "Replicator" */;
			compatibilityVersion = "Xcode 3.2";
			developmentRegion = English;
			hasScannedForEncodings = 0;
			knownRegions = (
				en,
				Base,
			);
			mainGroup = 1F83FFBD1E0C9F5100A35850;
			productRefGroup = 1F83FFC71E0C9F5100A35850 /* Products */;
			projectDirPath = "";
			projectRoot = "";
			targets = (
				1F83FFC51E0C9F5100A35850 /* Replicator */,
			);
		};
/* End PBXProject section */

/* Begin PBXResourcesBuildPhase section */
		1F83FFC41E0C9F5100A35850 /* Resources */ = {
			isa = PBXResourcesBuildPhase;
			buildActionMask = 2147483647;
			files = (
				1F83FFD41E0C9F5100A35850 /* LaunchScreen.storyboard in Resources */,
				1F83FFD11E0C9F5100A35850 /* Assets.xcassets in Resources */,
				1FEBF5A21E199C1D00F10B7D /* MealPlanView.xib in Resources */,
				1F83FFDC1E0C9F8D00A35850 /* Podfile in Resources */,
				1F948723204BB9D800DDBBFA /* SwipeableMealView.xib in Resources */,
				1F83FFCF1E0C9F5100A35850 /* Main.storyboard in Resources */,
			);
			runOnlyForDeploymentPostprocessing = 0;
		};
/* End PBXResourcesBuildPhase section */

/* Begin PBXShellScriptBuildPhase section */
		5811C3BA8A0C59091CCBAE67 /* [CP] Embed Pods Frameworks */ = {
			isa = PBXShellScriptBuildPhase;
			buildActionMask = 2147483647;
			files = (
			);
			inputPaths = (
			);
			name = "[CP] Embed Pods Frameworks";
			outputPaths = (
			);
			runOnlyForDeploymentPostprocessing = 0;
			shellPath = /bin/sh;
			shellScript = "\"${SRCROOT}/Pods/Target Support Files/Pods-Replicator/Pods-Replicator-frameworks.sh\"\n";
			showEnvVarsInLog = 0;
		};
		7C8EE533F4A3CB8433C3136C /* [CP] Check Pods Manifest.lock */ = {
			isa = PBXShellScriptBuildPhase;
			buildActionMask = 2147483647;
			files = (
			);
			inputPaths = (
			);
			name = "[CP] Check Pods Manifest.lock";
			outputPaths = (
			);
			runOnlyForDeploymentPostprocessing = 0;
			shellPath = /bin/sh;
			shellScript = "diff \"${PODS_ROOT}/../Podfile.lock\" \"${PODS_ROOT}/Manifest.lock\" > /dev/null\nif [ $? != 0 ] ; then\n    # print error to STDERR\n    echo \"error: The sandbox is not in sync with the Podfile.lock. Run 'pod install' or update your CocoaPods installation.\" >&2\n    exit 1\nfi\n";
			showEnvVarsInLog = 0;
		};
		89C6FE7B31788B2CDCD5649C /* [CP] Copy Pods Resources */ = {
			isa = PBXShellScriptBuildPhase;
			buildActionMask = 2147483647;
			files = (
			);
			inputPaths = (
			);
			name = "[CP] Copy Pods Resources";
			outputPaths = (
			);
			runOnlyForDeploymentPostprocessing = 0;
			shellPath = /bin/sh;
			shellScript = "\"${SRCROOT}/Pods/Target Support Files/Pods-Replicator/Pods-Replicator-resources.sh\"\n";
			showEnvVarsInLog = 0;
		};
/* End PBXShellScriptBuildPhase section */

/* Begin PBXSourcesBuildPhase section */
		1F83FFC21E0C9F5100A35850 /* Sources */ = {
			isa = PBXSourcesBuildPhase;
			buildActionMask = 2147483647;
			files = (
				1FEBF5A01E19999A00F10B7D /* MealPlanView.swift in Sources */,
				1FD5B77D1E124B4000CF9552 /* FoodComparer.swift in Sources */,
				1F83FFCC1E0C9F5100A35850 /* ViewController.swift in Sources */,
				1F948725204BBEF300DDBBFA /* SwipeableMealView.swift in Sources */,
				1FD5B7771E12091100CF9552 /* FSClient+Comparison.swift in Sources */,
				1F948721204BB1D200DDBBFA /* MealPlanViewController.swift in Sources */,
				1F83FFCA1E0C9F5100A35850 /* AppDelegate.swift in Sources */,
			);
			runOnlyForDeploymentPostprocessing = 0;
		};
/* End PBXSourcesBuildPhase section */

/* Begin PBXVariantGroup section */
		1F83FFCD1E0C9F5100A35850 /* Main.storyboard */ = {
			isa = PBXVariantGroup;
			children = (
				1F83FFCE1E0C9F5100A35850 /* Base */,
			);
			name = Main.storyboard;
			sourceTree = "<group>";
		};
		1F83FFD21E0C9F5100A35850 /* LaunchScreen.storyboard */ = {
			isa = PBXVariantGroup;
			children = (
				1F83FFD31E0C9F5100A35850 /* Base */,
			);
			name = LaunchScreen.storyboard;
			sourceTree = "<group>";
		};
/* End PBXVariantGroup section */

/* Begin XCBuildConfiguration section */
		1F83FFD61E0C9F5100A35850 /* Debug */ = {
			isa = XCBuildConfiguration;
			buildSettings = {
				ALWAYS_SEARCH_USER_PATHS = NO;
				CLANG_ANALYZER_NONNULL = YES;
				CLANG_CXX_LANGUAGE_STANDARD = "gnu++0x";
				CLANG_CXX_LIBRARY = "libc++";
				CLANG_ENABLE_MODULES = YES;
				CLANG_ENABLE_OBJC_ARC = YES;
				CLANG_WARN_BOOL_CONVERSION = YES;
				CLANG_WARN_CONSTANT_CONVERSION = YES;
				CLANG_WARN_DIRECT_OBJC_ISA_USAGE = YES_ERROR;
				CLANG_WARN_DOCUMENTATION_COMMENTS = YES;
				CLANG_WARN_EMPTY_BODY = YES;
				CLANG_WARN_ENUM_CONVERSION = YES;
				CLANG_WARN_INFINITE_RECURSION = YES;
				CLANG_WARN_INT_CONVERSION = YES;
				CLANG_WARN_OBJC_ROOT_CLASS = YES_ERROR;
				CLANG_WARN_SUSPICIOUS_MOVE = YES;
				CLANG_WARN_UNREACHABLE_CODE = YES;
				CLANG_WARN__DUPLICATE_METHOD_MATCH = YES;
				"CODE_SIGN_IDENTITY[sdk=iphoneos*]" = "iPhone Developer";
				COPY_PHASE_STRIP = NO;
				DEBUG_INFORMATION_FORMAT = dwarf;
				ENABLE_STRICT_OBJC_MSGSEND = YES;
				ENABLE_TESTABILITY = YES;
				GCC_C_LANGUAGE_STANDARD = gnu99;
				GCC_DYNAMIC_NO_PIC = NO;
				GCC_NO_COMMON_BLOCKS = YES;
				GCC_OPTIMIZATION_LEVEL = 0;
				GCC_PREPROCESSOR_DEFINITIONS = (
					"DEBUG=1",
					"$(inherited)",
				);
				GCC_WARN_64_TO_32_BIT_CONVERSION = YES;
				GCC_WARN_ABOUT_RETURN_TYPE = YES_ERROR;
				GCC_WARN_UNDECLARED_SELECTOR = YES;
				GCC_WARN_UNINITIALIZED_AUTOS = YES_AGGRESSIVE;
				GCC_WARN_UNUSED_FUNCTION = YES;
				GCC_WARN_UNUSED_VARIABLE = YES;
				IPHONEOS_DEPLOYMENT_TARGET = 10.2;
				MTL_ENABLE_DEBUG_INFO = YES;
				ONLY_ACTIVE_ARCH = YES;
				SDKROOT = iphoneos;
				SWIFT_ACTIVE_COMPILATION_CONDITIONS = DEBUG;
				SWIFT_OPTIMIZATION_LEVEL = "-Onone";
				TARGETED_DEVICE_FAMILY = "1,2";
			};
			name = Debug;
		};
		1F83FFD71E0C9F5100A35850 /* Release */ = {
			isa = XCBuildConfiguration;
			buildSettings = {
				ALWAYS_SEARCH_USER_PATHS = NO;
				CLANG_ANALYZER_NONNULL = YES;
				CLANG_CXX_LANGUAGE_STANDARD = "gnu++0x";
				CLANG_CXX_LIBRARY = "libc++";
				CLANG_ENABLE_MODULES = YES;
				CLANG_ENABLE_OBJC_ARC = YES;
				CLANG_WARN_BOOL_CONVERSION = YES;
				CLANG_WARN_CONSTANT_CONVERSION = YES;
				CLANG_WARN_DIRECT_OBJC_ISA_USAGE = YES_ERROR;
				CLANG_WARN_DOCUMENTATION_COMMENTS = YES;
				CLANG_WARN_EMPTY_BODY = YES;
				CLANG_WARN_ENUM_CONVERSION = YES;
				CLANG_WARN_INFINITE_RECURSION = YES;
				CLANG_WARN_INT_CONVERSION = YES;
				CLANG_WARN_OBJC_ROOT_CLASS = YES_ERROR;
				CLANG_WARN_SUSPICIOUS_MOVE = YES;
				CLANG_WARN_UNREACHABLE_CODE = YES;
				CLANG_WARN__DUPLICATE_METHOD_MATCH = YES;
				"CODE_SIGN_IDENTITY[sdk=iphoneos*]" = "iPhone Developer";
				COPY_PHASE_STRIP = NO;
				DEBUG_INFORMATION_FORMAT = "dwarf-with-dsym";
				ENABLE_NS_ASSERTIONS = NO;
				ENABLE_STRICT_OBJC_MSGSEND = YES;
				GCC_C_LANGUAGE_STANDARD = gnu99;
				GCC_NO_COMMON_BLOCKS = YES;
				GCC_WARN_64_TO_32_BIT_CONVERSION = YES;
				GCC_WARN_ABOUT_RETURN_TYPE = YES_ERROR;
				GCC_WARN_UNDECLARED_SELECTOR = YES;
				GCC_WARN_UNINITIALIZED_AUTOS = YES_AGGRESSIVE;
				GCC_WARN_UNUSED_FUNCTION = YES;
				GCC_WARN_UNUSED_VARIABLE = YES;
				IPHONEOS_DEPLOYMENT_TARGET = 10.2;
				MTL_ENABLE_DEBUG_INFO = NO;
				SDKROOT = iphoneos;
				SWIFT_OPTIMIZATION_LEVEL = "-Owholemodule";
				TARGETED_DEVICE_FAMILY = "1,2";
				VALIDATE_PRODUCT = YES;
			};
			name = Release;
		};
		1F83FFD91E0C9F5100A35850 /* Debug */ = {
			isa = XCBuildConfiguration;
			baseConfigurationReference = BE5C9ADAC8B9700CDFF964D9 /* Pods-Replicator.debug.xcconfig */;
			buildSettings = {
				ASSETCATALOG_COMPILER_APPICON_NAME = AppIcon;
				"CODE_SIGN_IDENTITY[sdk=iphoneos*]" = "iPhone Developer";
				DEVELOPMENT_TEAM = W36PVYAHBM;
				INFOPLIST_FILE = Replicator/Info.plist;
				LD_RUNPATH_SEARCH_PATHS = "$(inherited) @executable_path/Frameworks";
				PRODUCT_BUNDLE_IDENTIFIER = com.malcolmgoldiner.Replicator;
				PRODUCT_NAME = "$(TARGET_NAME)";
				PROVISIONING_PROFILE = "a7096383-0f50-42cd-8f8e-b385d1bcb597";
				PROVISIONING_PROFILE_SPECIFIER = Replicate;
				SWIFT_VERSION = 3.0;
			};
			name = Debug;
		};
		1F83FFDA1E0C9F5100A35850 /* Release */ = {
			isa = XCBuildConfiguration;
			baseConfigurationReference = 5538CC893AB5DCC9D2EDFC2B /* Pods-Replicator.release.xcconfig */;
			buildSettings = {
				ASSETCATALOG_COMPILER_APPICON_NAME = AppIcon;
				"CODE_SIGN_IDENTITY[sdk=iphoneos*]" = "iPhone Developer";
				DEVELOPMENT_TEAM = W36PVYAHBM;
				INFOPLIST_FILE = Replicator/Info.plist;
				LD_RUNPATH_SEARCH_PATHS = "$(inherited) @executable_path/Frameworks";
				PRODUCT_BUNDLE_IDENTIFIER = com.malcolmgoldiner.Replicator;
				PRODUCT_NAME = "$(TARGET_NAME)";
				PROVISIONING_PROFILE = "a7096383-0f50-42cd-8f8e-b385d1bcb597";
				PROVISIONING_PROFILE_SPECIFIER = Replicate;
				SWIFT_VERSION = 3.0;
			};
			name = Release;
		};
/* End XCBuildConfiguration section */

/* Begin XCConfigurationList section */
		1F83FFC11E0C9F5100A35850 /* Build configuration list for PBXProject "Replicator" */ = {
			isa = XCConfigurationList;
			buildConfigurations = (
				1F83FFD61E0C9F5100A35850 /* Debug */,
				1F83FFD71E0C9F5100A35850 /* Release */,
			);
			defaultConfigurationIsVisible = 0;
			defaultConfigurationName = Release;
		};
		1F83FFD81E0C9F5100A35850 /* Build configuration list for PBXNativeTarget "Replicator" */ = {
			isa = XCConfigurationList;
			buildConfigurations = (
				1F83FFD91E0C9F5100A35850 /* Debug */,
				1F83FFDA1E0C9F5100A35850 /* Release */,
			);
			defaultConfigurationIsVisible = 0;
			defaultConfigurationName = Release;
		};
/* End XCConfigurationList section */
	};
	rootObject = 1F83FFBE1E0C9F5100A35850 /* Project object */;
}
